
Microsoft Visual Studio Solution File, Format Version 12.00
# Visual Studio Version 16
VisualStudioVersion = 16.0.30330.147
MinimumVisualStudioVersion = 10.0.40219.1
Project("{FAE04EC0-301F-11D3-BF4B-00C04F79EFBC}") = "MVCAuth", "MVCAuth\MVCAuth.csproj", "{DA70CDC6-5B9B-4EA5-A7FB-B95204FD2FEA}"
EndProject
Global
	GlobalSection(SolutionConfigurationPlatforms) = preSolution
		Debug|Any CPU = Debug|Any CPU
		Release|Any CPU = Release|Any CPU
	EndGlobalSection
	GlobalSection(ProjectConfigurationPlatforms) = postSolution
		{DA70CDC6-5B9B-4EA5-A7FB-B95204FD2FEA}.Debug|Any CPU.ActiveCfg = Debug|Any CPU
		{DA70CDC6-5B9B-4EA5-A7FB-B95204FD2FEA}.Debug|Any CPU.Build.0 = Debug|Any CPU
		{DA70CDC6-5B9B-4EA5-A7FB-B95204FD2FEA}.Release|Any CPU.ActiveCfg = Release|Any CPU
		{DA70CDC6-5B9B-4EA5-A7FB-B95204FD2FEA}.Release|Any CPU.Build.0 = Release|Any CPU
	EndGlobalSection
	GlobalSection(SolutionProperties) = preSolution
		HideSolutionNode = FALSE
	EndGlobalSection
	GlobalSection(ExtensibilityGlobals) = postSolution
		SolutionGuid = {E517A853-6B99-4E48-97C4-F00EA3EE70DA}
	EndGlobalSection
EndGlobal
